// !$*UTF8*$!
{
	archiveVersion = 1;
	classes = {
	};
	objectVersion = 56;
	objects = {

/* Begin PBXBuildFile section */
		D19A88082BA9CEC4008B81F3 /* 44. Quiz gane.cpp in Sources */ = {isa = PBXBuildFile; fileRef = D19A88022BA9C7F5008B81F3 /* 44. Quiz gane.cpp */; };
/* End PBXBuildFile section */

/* Begin PBXCopyFilesBuildPhase section */
		D17766352BA5A91F007AEF52 /* CopyFiles */ = {
			isa = PBXCopyFilesBuildPhase;
			buildActionMask = 2147483647;
			dstPath = /usr/share/man/man1/;
			dstSubfolderSpec = 0;
			files = (
			);
			runOnlyForDeploymentPostprocessing = 1;
		};
/* End PBXCopyFilesBuildPhase section */

/* Begin PBXFileReference section */
		D17766372BA5A91F007AEF52 /* Learn Cpp Code */ = {isa = PBXFileReference; explicitFileType = "compiled.mach-o.executable"; includeInIndex = 0; path = "Learn Cpp Code"; sourceTree = BUILT_PRODUCTS_DIR; };
		D177663A2BA5A91F007AEF52 /* main.cpp */ = {isa = PBXFileReference; lastKnownFileType = sourcecode.cpp.cpp; path = main.cpp; sourceTree = "<group>"; };
		D17766422BA5AE80007AEF52 /* 42.1 Sequencing Random Flashcard using array.cpp */ = {isa = PBXFileReference; lastKnownFileType = sourcecode.cpp.cpp; path = "42.1 Sequencing Random Flashcard using array.cpp"; sourceTree = "<group>"; };
		D17766432BA5AE80007AEF52 /* 42.1 Sequencing Random Flashcard using array.hpp */ = {isa = PBXFileReference; lastKnownFileType = sourcecode.cpp.h; path = "42.1 Sequencing Random Flashcard using array.hpp"; sourceTree = "<group>"; };
		D17766462BA5B89D007AEF52 /* 43. Random Number for Mac.cpp */ = {isa = PBXFileReference; lastKnownFileType = sourcecode.cpp.cpp; path = "43. Random Number for Mac.cpp"; sourceTree = "<group>"; };
		D17766472BA5B89D007AEF52 /* 43. Random Number for Mac.hpp */ = {isa = PBXFileReference; lastKnownFileType = sourcecode.cpp.h; path = "43. Random Number for Mac.hpp"; sourceTree = "<group>"; };
		D17766492BA5BB70007AEF52 /* 43.1 Random Number in Array.cpp */ = {isa = PBXFileReference; lastKnownFileType = sourcecode.cpp.cpp; path = "43.1 Random Number in Array.cpp"; sourceTree = "<group>"; };
		D177664A2BA5BB70007AEF52 /* 43.1 Random Number in Array.hpp */ = {isa = PBXFileReference; lastKnownFileType = sourcecode.cpp.h; path = "43.1 Random Number in Array.hpp"; sourceTree = "<group>"; };
		D177664D2BA5C44E007AEF52 /* 43.2 Fill Array with non-repeating random numbers.cpp */ = {isa = PBXFileReference; lastKnownFileType = sourcecode.cpp.cpp; path = "43.2 Fill Array with non-repeating random numbers.cpp"; sourceTree = "<group>"; };
		D177664E2BA5C44E007AEF52 /* 43.2 Fill Array with non-repeating random numbers.hpp */ = {isa = PBXFileReference; lastKnownFileType = sourcecode.cpp.h; path = "43.2 Fill Array with non-repeating random numbers.hpp"; sourceTree = "<group>"; };
		D19A88022BA9C7F5008B81F3 /* 44. Quiz gane.cpp */ = {isa = PBXFileReference; lastKnownFileType = sourcecode.cpp.cpp; path = "44. Quiz gane.cpp"; sourceTree = "<group>"; };
		D19A88032BA9C7F5008B81F3 /* 44. Quiz gane.hpp */ = {isa = PBXFileReference; lastKnownFileType = sourcecode.cpp.h; path = "44. Quiz gane.hpp"; sourceTree = "<group>"; };
		D19A88052BA9CE11008B81F3 /* 44. By Bro COde - Quiz gane.cpp */ = {isa = PBXFileReference; lastKnownFileType = sourcecode.cpp.cpp; path = "44. By Bro COde - Quiz gane.cpp"; sourceTree = "<group>"; };
		D19A88062BA9CE11008B81F3 /* 44. By Bro COde - Quiz gane.hpp */ = {isa = PBXFileReference; lastKnownFileType = sourcecode.cpp.h; path = "44. By Bro COde - Quiz gane.hpp"; sourceTree = "<group>"; };
		D1E27AA92BA874B9000790A2 /* Wrong kay mam NIlda.cpp */ = {isa = PBXFileReference; lastKnownFileType = sourcecode.cpp.cpp; path = "Wrong kay mam NIlda.cpp"; sourceTree = "<group>"; };
		D1E27AAA2BA874B9000790A2 /* Wrong kay mam NIlda.hpp */ = {isa = PBXFileReference; lastKnownFileType = sourcecode.cpp.h; path = "Wrong kay mam NIlda.hpp"; sourceTree = "<group>"; };
/* End PBXFileReference section */

/* Begin PBXFrameworksBuildPhase section */
		D17766342BA5A91F007AEF52 /* Frameworks */ = {
			isa = PBXFrameworksBuildPhase;
			buildActionMask = 2147483647;
			files = (
			);
			runOnlyForDeploymentPostprocessing = 0;
		};
/* End PBXFrameworksBuildPhase section */

/* Begin PBXGroup section */
		D177662E2BA5A91F007AEF52 = {
			isa = PBXGroup;
			children = (
				D19A88052BA9CE11008B81F3 /* 44. By Bro COde - Quiz gane.cpp */,
				D19A88062BA9CE11008B81F3 /* 44. By Bro COde - Quiz gane.hpp */,
				D1E27AA92BA874B9000790A2 /* Wrong kay mam NIlda.cpp */,
				D19A88022BA9C7F5008B81F3 /* 44. Quiz gane.cpp */,
				D19A88032BA9C7F5008B81F3 /* 44. Quiz gane.hpp */,
				D1E27AAA2BA874B9000790A2 /* Wrong kay mam NIlda.hpp */,
				D177664D2BA5C44E007AEF52 /* 43.2 Fill Array with non-repeating random numbers.cpp */,
				D177664E2BA5C44E007AEF52 /* 43.2 Fill Array with non-repeating random numbers.hpp */,
				D17766462BA5B89D007AEF52 /* 43. Random Number for Mac.cpp */,
				D17766492BA5BB70007AEF52 /* 43.1 Random Number in Array.cpp */,
				D177664A2BA5BB70007AEF52 /* 43.1 Random Number in Array.hpp */,
				D17766472BA5B89D007AEF52 /* 43. Random Number for Mac.hpp */,
				D17766422BA5AE80007AEF52 /* 42.1 Sequencing Random Flashcard using array.cpp */,
				D17766432BA5AE80007AEF52 /* 42.1 Sequencing Random Flashcard using array.hpp */,
				D17766392BA5A91F007AEF52 /* Learn Cpp Code */,
				D17766382BA5A91F007AEF52 /* Products */,
			);
			sourceTree = "<group>";
		};
		D17766382BA5A91F007AEF52 /* Products */ = {
			isa = PBXGroup;
			children = (
				D17766372BA5A91F007AEF52 /* Learn Cpp Code */,
			);
			name = Products;
			sourceTree = "<group>";
		};
		D17766392BA5A91F007AEF52 /* Learn Cpp Code */ = {
			isa = PBXGroup;
			children = (
				D177663A2BA5A91F007AEF52 /* main.cpp */,
			);
			path = "Learn Cpp Code";
			sourceTree = "<group>";
		};
/* End PBXGroup section */

/* Begin PBXNativeTarget section */
		D17766362BA5A91F007AEF52 /* Learn Cpp Code */ = {
			isa = PBXNativeTarget;
			buildConfigurationList = D177663E2BA5A91F007AEF52 /* Build configuration list for PBXNativeTarget "Learn Cpp Code" */;
			buildPhases = (
				D17766332BA5A91F007AEF52 /* Sources */,
				D17766342BA5A91F007AEF52 /* Frameworks */,
				D17766352BA5A91F007AEF52 /* CopyFiles */,
			);
			buildRules = (
			);
			dependencies = (
			);
			name = "Learn Cpp Code";
			productName = "Learn Cpp Code";
			productReference = D17766372BA5A91F007AEF52 /* Learn Cpp Code */;
			productType = "com.apple.product-type.tool";
		};
/* End PBXNativeTarget section */

/* Begin PBXProject section */
		D177662F2BA5A91F007AEF52 /* Project object */ = {
			isa = PBXProject;
			attributes = {
				BuildIndependentTargetsInParallel = 1;
				LastUpgradeCheck = 1530;
				TargetAttributes = {
					D17766362BA5A91F007AEF52 = {
						CreatedOnToolsVersion = 15.3;
					};
				};
			};
			buildConfigurationList = D17766322BA5A91F007AEF52 /* Build configuration list for PBXProject "Learn Cpp Code" */;
			compatibilityVersion = "Xcode 14.0";
			developmentRegion = en;
			hasScannedForEncodings = 0;
			knownRegions = (
				en,
				Base,
			);
			mainGroup = D177662E2BA5A91F007AEF52;
			productRefGroup = D17766382BA5A91F007AEF52 /* Products */;
			projectDirPath = "";
			projectRoot = "";
			targets = (
				D17766362BA5A91F007AEF52 /* Learn Cpp Code */,
			);
		};
/* End PBXProject section */

/* Begin PBXSourcesBuildPhase section */
		D17766332BA5A91F007AEF52 /* Sources */ = {
			isa = PBXSourcesBuildPhase;
			buildActionMask = 2147483647;
			files = (
				D19A88082BA9CEC4008B81F3 /* 44. Quiz gane.cpp in Sources */,
			);
			runOnlyForDeploymentPostprocessing = 0;
		};
/* End PBXSourcesBuildPhase section */

/* Begin XCBuildConfiguration section */
		D177663C2BA5A91F007AEF52 /* Debug */ = {
			isa = XCBuildConfiguration;
			buildSettings = {
				ALWAYS_SEARCH_USER_PATHS = NO;
				ASSETCATALOG_COMPILER_GENERATE_SWIFT_ASSET_SYMBOL_EXTENSIONS = YES;
				CLANG_ANALYZER_NONNULL = YES;
				CLANG_ANALYZER_NUMBER_OBJECT_CONVERSION = YES_AGGRESSIVE;
				CLANG_CXX_LANGUAGE_STANDARD = "gnu++20";
				CLANG_ENABLE_MODULES = YES;
				CLANG_ENABLE_OBJC_ARC = YES;
				CLANG_ENABLE_OBJC_WEAK = YES;
				CLANG_WARN_BLOCK_CAPTURE_AUTORELEASING = YES;
				CLANG_WARN_BOOL_CONVERSION = YES;
				CLANG_WARN_COMMA = YES;
				CLANG_WARN_CONSTANT_CONVERSION = YES;
				CLANG_WARN_DEPRECATED_OBJC_IMPLEMENTATIONS = YES;
				CLANG_WARN_DIRECT_OBJC_ISA_USAGE = YES_ERROR;
				CLANG_WARN_DOCUMENTATION_COMMENTS = YES;
				CLANG_WARN_EMPTY_BODY = YES;
				CLANG_WARN_ENUM_CONVERSION = YES;
				CLANG_WARN_INFINITE_RECURSION = YES;
				CLANG_WARN_INT_CONVERSION = YES;
				CLANG_WARN_NON_LITERAL_NULL_CONVERSION = YES;
				CLANG_WARN_OBJC_IMPLICIT_RETAIN_SELF = YES;
				CLANG_WARN_OBJC_LITERAL_CONVERSION = YES;
				CLANG_WARN_OBJC_ROOT_CLASS = YES_ERROR;
				CLANG_WARN_QUOTED_INCLUDE_IN_FRAMEWORK_HEADER = YES;
				CLANG_WARN_RANGE_LOOP_ANALYSIS = YES;
				CLANG_WARN_STRICT_PROTOTYPES = YES;
				CLANG_WARN_SUSPICIOUS_MOVE = YES;
				CLANG_WARN_UNGUARDED_AVAILABILITY = YES_AGGRESSIVE;
				CLANG_WARN_UNREACHABLE_CODE = YES;
				CLANG_WARN__DUPLICATE_METHOD_MATCH = YES;
				COPY_PHASE_STRIP = NO;
				DEBUG_INFORMATION_FORMAT = dwarf;
				ENABLE_STRICT_OBJC_MSGSEND = YES;
				ENABLE_TESTABILITY = YES;
				ENABLE_USER_SCRIPT_SANDBOXING = YES;
				GCC_C_LANGUAGE_STANDARD = gnu17;
				GCC_DYNAMIC_NO_PIC = NO;
				GCC_NO_COMMON_BLOCKS = YES;
				GCC_OPTIMIZATION_LEVEL = 0;
				GCC_PREPROCESSOR_DEFINITIONS = (
					"DEBUG=1",
					"$(inherited)",
				);
				GCC_WARN_64_TO_32_BIT_CONVERSION = YES;
				GCC_WARN_ABOUT_RETURN_TYPE = YES_ERROR;
				GCC_WARN_UNDECLARED_SELECTOR = YES;
				GCC_WARN_UNINITIALIZED_AUTOS = YES_AGGRESSIVE;
				GCC_WARN_UNUSED_FUNCTION = YES;
				GCC_WARN_UNUSED_VARIABLE = YES;
				LOCALIZATION_PREFERS_STRING_CATALOGS = YES;
				MACOSX_DEPLOYMENT_TARGET = 14.4;
				MTL_ENABLE_DEBUG_INFO = INCLUDE_SOURCE;
				MTL_FAST_MATH = YES;
				ONLY_ACTIVE_ARCH = YES;
				SDKROOT = macosx;
			};
			name = Debug;
		};
		D177663D2BA5A91F007AEF52 /* Release */ = {
			isa = XCBuildConfiguration;
			buildSettings = {
				ALWAYS_SEARCH_USER_PATHS = NO;
				ASSETCATALOG_COMPILER_GENERATE_SWIFT_ASSET_SYMBOL_EXTENSIONS = YES;
				CLANG_ANALYZER_NONNULL = YES;
				CLANG_ANALYZER_NUMBER_OBJECT_CONVERSION = YES_AGGRESSIVE;
				CLANG_CXX_LANGUAGE_STANDARD = "gnu++20";
				CLANG_ENABLE_MODULES = YES;
				CLANG_ENABLE_OBJC_ARC = YES;
				CLANG_ENABLE_OBJC_WEAK = YES;
				CLANG_WARN_BLOCK_CAPTURE_AUTORELEASING = YES;
				CLANG_WARN_BOOL_CONVERSION = YES;
				CLANG_WARN_COMMA = YES;
				CLANG_WARN_CONSTANT_CONVERSION = YES;
				CLANG_WARN_DEPRECATED_OBJC_IMPLEMENTATIONS = YES;
				CLANG_WARN_DIRECT_OBJC_ISA_USAGE = YES_ERROR;
				CLANG_WARN_DOCUMENTATION_COMMENTS = YES;
				CLANG_WARN_EMPTY_BODY = YES;
				CLANG_WARN_ENUM_CONVERSION = YES;
				CLANG_WARN_INFINITE_RECURSION = YES;
				CLANG_WARN_INT_CONVERSION = YES;
				CLANG_WARN_NON_LITERAL_NULL_CONVERSION = YES;
				CLANG_WARN_OBJC_IMPLICIT_RETAIN_SELF = YES;
				CLANG_WARN_OBJC_LITERAL_CONVERSION = YES;
				CLANG_WARN_OBJC_ROOT_CLASS = YES_ERROR;
				CLANG_WARN_QUOTED_INCLUDE_IN_FRAMEWORK_HEADER = YES;
				CLANG_WARN_RANGE_LOOP_ANALYSIS = YES;
				CLANG_WARN_STRICT_PROTOTYPES = YES;
				CLANG_WARN_SUSPICIOUS_MOVE = YES;
				CLANG_WARN_UNGUARDED_AVAILABILITY = YES_AGGRESSIVE;
				CLANG_WARN_UNREACHABLE_CODE = YES;
				CLANG_WARN__DUPLICATE_METHOD_MATCH = YES;
				COPY_PHASE_STRIP = NO;
				DEBUG_INFORMATION_FORMAT = "dwarf-with-dsym";
				ENABLE_NS_ASSERTIONS = NO;
				ENABLE_STRICT_OBJC_MSGSEND = YES;
				ENABLE_USER_SCRIPT_SANDBOXING = YES;
				GCC_C_LANGUAGE_STANDARD = gnu17;
				GCC_NO_COMMON_BLOCKS = YES;
				GCC_WARN_64_TO_32_BIT_CONVERSION = YES;
				GCC_WARN_ABOUT_RETURN_TYPE = YES_ERROR;
				GCC_WARN_UNDECLARED_SELECTOR = YES;
				GCC_WARN_UNINITIALIZED_AUTOS = YES_AGGRESSIVE;
				GCC_WARN_UNUSED_FUNCTION = YES;
				GCC_WARN_UNUSED_VARIABLE = YES;
				LOCALIZATION_PREFERS_STRING_CATALOGS = YES;
				MACOSX_DEPLOYMENT_TARGET = 14.4;
				MTL_ENABLE_DEBUG_INFO = NO;
				MTL_FAST_MATH = YES;
				SDKROOT = macosx;
			};
			name = Release;
		};
		D177663F2BA5A91F007AEF52 /* Debug */ = {
			isa = XCBuildConfiguration;
			buildSettings = {
				CODE_SIGN_STYLE = Automatic;
				PRODUCT_NAME = "$(TARGET_NAME)";
			};
			name = Debug;
		};
		D17766402BA5A91F007AEF52 /* Release */ = {
			isa = XCBuildConfiguration;
			buildSettings = {
				CODE_SIGN_STYLE = Automatic;
				PRODUCT_NAME = "$(TARGET_NAME)";
			};
			name = Release;
		};
/* End XCBuildConfiguration section */

/* Begin XCConfigurationList section */
		D17766322BA5A91F007AEF52 /* Build configuration list for PBXProject "Learn Cpp Code" */ = {
			isa = XCConfigurationList;
			buildConfigurations = (
				D177663C2BA5A91F007AEF52 /* Debug */,
				D177663D2BA5A91F007AEF52 /* Release */,
			);
			defaultConfigurationIsVisible = 0;
			defaultConfigurationName = Release;
		};
		D177663E2BA5A91F007AEF52 /* Build configuration list for PBXNativeTarget "Learn Cpp Code" */ = {
			isa = XCConfigurationList;
			buildConfigurations = (
				D177663F2BA5A91F007AEF52 /* Debug */,
				D17766402BA5A91F007AEF52 /* Release */,
			);
			defaultConfigurationIsVisible = 0;
			defaultConfigurationName = Release;
		};
/* End XCConfigurationList section */
	};
	rootObject = D177662F2BA5A91F007AEF52 /* Project object */;
}
