// !$*UTF8*$!
{
	archiveVersion = 1;
	classes = {
	};
	objectVersion = 56;
	objects = {

/* Begin PBXBuildFile section */
		D164CAB72B9AEB6D00B54E2D /* Assets.xcassets in Resources */ = {isa = PBXBuildFile; fileRef = D164CAB62B9AEB6D00B54E2D /* Assets.xcassets */; };
		D164CABB2B9AEB6D00B54E2D /* Preview Assets.xcassets in Resources */ = {isa = PBXBuildFile; fileRef = D164CABA2B9AEB6D00B54E2D /* Preview Assets.xcassets */; };
		D164CAC52B9AEB6D00B54E2D /* EwanTests.swift in Sources */ = {isa = PBXBuildFile; fileRef = D164CAC42B9AEB6D00B54E2D /* EwanTests.swift */; };
		D164CACF2B9AEB6D00B54E2D /* EwanUITests.swift in Sources */ = {isa = PBXBuildFile; fileRef = D164CACE2B9AEB6D00B54E2D /* EwanUITests.swift */; };
		D164CAD12B9AEB6D00B54E2D /* EwanUITestsLaunchTests.swift in Sources */ = {isa = PBXBuildFile; fileRef = D164CAD02B9AEB6D00B54E2D /* EwanUITestsLaunchTests.swift */; };
		D1F5224B2BAC60BE00FFB2F7 /* StopLoss Calculator for Cryptocurrency.cpp in Sources */ = {isa = PBXBuildFile; fileRef = D1F522492BAC60BE00FFB2F7 /* StopLoss Calculator for Cryptocurrency.cpp */; };
/* End PBXBuildFile section */

/* Begin PBXContainerItemProxy section */
		D164CAC12B9AEB6D00B54E2D /* PBXContainerItemProxy */ = {
			isa = PBXContainerItemProxy;
			containerPortal = D164CAA72B9AEB6C00B54E2D /* Project object */;
			proxyType = 1;
			remoteGlobalIDString = D164CAAE2B9AEB6C00B54E2D;
			remoteInfo = Ewan;
		};
		D164CACB2B9AEB6D00B54E2D /* PBXContainerItemProxy */ = {
			isa = PBXContainerItemProxy;
			containerPortal = D164CAA72B9AEB6C00B54E2D /* Project object */;
			proxyType = 1;
			remoteGlobalIDString = D164CAAE2B9AEB6C00B54E2D;
			remoteInfo = Ewan;
		};
/* End PBXContainerItemProxy section */

/* Begin PBXFileReference section */
		D164CAAF2B9AEB6C00B54E2D /* Ewan.app */ = {isa = PBXFileReference; explicitFileType = wrapper.application; includeInIndex = 0; path = Ewan.app; sourceTree = BUILT_PRODUCTS_DIR; };
		D164CAB22B9AEB6C00B54E2D /* EwanApp.swift */ = {isa = PBXFileReference; lastKnownFileType = sourcecode.swift; path = EwanApp.swift; sourceTree = "<group>"; };
		D164CAB42B9AEB6C00B54E2D /* ContentView.swift */ = {isa = PBXFileReference; lastKnownFileType = sourcecode.swift; path = ContentView.swift; sourceTree = "<group>"; };
		D164CAB62B9AEB6D00B54E2D /* Assets.xcassets */ = {isa = PBXFileReference; lastKnownFileType = folder.assetcatalog; path = Assets.xcassets; sourceTree = "<group>"; };
		D164CAB82B9AEB6D00B54E2D /* Ewan.entitlements */ = {isa = PBXFileReference; lastKnownFileType = text.plist.entitlements; path = Ewan.entitlements; sourceTree = "<group>"; };
		D164CABA2B9AEB6D00B54E2D /* Preview Assets.xcassets */ = {isa = PBXFileReference; lastKnownFileType = folder.assetcatalog; path = "Preview Assets.xcassets"; sourceTree = "<group>"; };
		D164CAC02B9AEB6D00B54E2D /* EwanTests.xctest */ = {isa = PBXFileReference; explicitFileType = wrapper.cfbundle; includeInIndex = 0; path = EwanTests.xctest; sourceTree = BUILT_PRODUCTS_DIR; };
		D164CAC42B9AEB6D00B54E2D /* EwanTests.swift */ = {isa = PBXFileReference; lastKnownFileType = sourcecode.swift; path = EwanTests.swift; sourceTree = "<group>"; };
		D164CACA2B9AEB6D00B54E2D /* EwanUITests.xctest */ = {isa = PBXFileReference; explicitFileType = wrapper.cfbundle; includeInIndex = 0; path = EwanUITests.xctest; sourceTree = BUILT_PRODUCTS_DIR; };
		D164CACE2B9AEB6D00B54E2D /* EwanUITests.swift */ = {isa = PBXFileReference; lastKnownFileType = sourcecode.swift; path = EwanUITests.swift; sourceTree = "<group>"; };
		D164CAD02B9AEB6D00B54E2D /* EwanUITestsLaunchTests.swift */ = {isa = PBXFileReference; lastKnownFileType = sourcecode.swift; path = EwanUITestsLaunchTests.swift; sourceTree = "<group>"; };
		D1F522492BAC60BE00FFB2F7 /* StopLoss Calculator for Cryptocurrency.cpp */ = {isa = PBXFileReference; lastKnownFileType = sourcecode.cpp.cpp; path = "StopLoss Calculator for Cryptocurrency.cpp"; sourceTree = "<group>"; };
		D1F5224A2BAC60BE00FFB2F7 /* StopLoss Calculator for Cryptocurrency.hpp */ = {isa = PBXFileReference; lastKnownFileType = sourcecode.cpp.h; path = "StopLoss Calculator for Cryptocurrency.hpp"; sourceTree = "<group>"; };
/* End PBXFileReference section */

/* Begin PBXFrameworksBuildPhase section */
		D164CAAC2B9AEB6C00B54E2D /* Frameworks */ = {
			isa = PBXFrameworksBuildPhase;
			buildActionMask = 2147483647;
			files = (
			);
			runOnlyForDeploymentPostprocessing = 0;
		};
		D164CABD2B9AEB6D00B54E2D /* Frameworks */ = {
			isa = PBXFrameworksBuildPhase;
			buildActionMask = 2147483647;
			files = (
			);
			runOnlyForDeploymentPostprocessing = 0;
		};
		D164CAC72B9AEB6D00B54E2D /* Frameworks */ = {
			isa = PBXFrameworksBuildPhase;
			buildActionMask = 2147483647;
			files = (
			);
			runOnlyForDeploymentPostprocessing = 0;
		};
/* End PBXFrameworksBuildPhase section */

/* Begin PBXGroup section */
		D164CAA62B9AEB6C00B54E2D = {
			isa = PBXGroup;
			children = (
				D1F522492BAC60BE00FFB2F7 /* StopLoss Calculator for Cryptocurrency.cpp */,
				D1F5224A2BAC60BE00FFB2F7 /* StopLoss Calculator for Cryptocurrency.hpp */,
				D164CAB12B9AEB6C00B54E2D /* Ewan */,
				D164CAC32B9AEB6D00B54E2D /* EwanTests */,
				D164CACD2B9AEB6D00B54E2D /* EwanUITests */,
				D164CAB02B9AEB6C00B54E2D /* Products */,
			);
			sourceTree = "<group>";
		};
		D164CAB02B9AEB6C00B54E2D /* Products */ = {
			isa = PBXGroup;
			children = (
				D164CAAF2B9AEB6C00B54E2D /* Ewan.app */,
				D164CAC02B9AEB6D00B54E2D /* EwanTests.xctest */,
				D164CACA2B9AEB6D00B54E2D /* EwanUITests.xctest */,
			);
			name = Products;
			sourceTree = "<group>";
		};
		D164CAB12B9AEB6C00B54E2D /* Ewan */ = {
			isa = PBXGroup;
			children = (
				D164CAB22B9AEB6C00B54E2D /* EwanApp.swift */,
				D164CAB42B9AEB6C00B54E2D /* ContentView.swift */,
				D164CAB62B9AEB6D00B54E2D /* Assets.xcassets */,
				D164CAB82B9AEB6D00B54E2D /* Ewan.entitlements */,
				D164CAB92B9AEB6D00B54E2D /* Preview Content */,
			);
			path = Ewan;
			sourceTree = "<group>";
		};
		D164CAB92B9AEB6D00B54E2D /* Preview Content */ = {
			isa = PBXGroup;
			children = (
				D164CABA2B9AEB6D00B54E2D /* Preview Assets.xcassets */,
			);
			path = "Preview Content";
			sourceTree = "<group>";
		};
		D164CAC32B9AEB6D00B54E2D /* EwanTests */ = {
			isa = PBXGroup;
			children = (
				D164CAC42B9AEB6D00B54E2D /* EwanTests.swift */,
			);
			path = EwanTests;
			sourceTree = "<group>";
		};
		D164CACD2B9AEB6D00B54E2D /* EwanUITests */ = {
			isa = PBXGroup;
			children = (
				D164CACE2B9AEB6D00B54E2D /* EwanUITests.swift */,
				D164CAD02B9AEB6D00B54E2D /* EwanUITestsLaunchTests.swift */,
			);
			path = EwanUITests;
			sourceTree = "<group>";
		};
/* End PBXGroup section */

/* Begin PBXNativeTarget section */
		D164CAAE2B9AEB6C00B54E2D /* Ewan */ = {
			isa = PBXNativeTarget;
			buildConfigurationList = D164CAD42B9AEB6D00B54E2D /* Build configuration list for PBXNativeTarget "Ewan" */;
			buildPhases = (
				D164CAAB2B9AEB6C00B54E2D /* Sources */,
				D164CAAC2B9AEB6C00B54E2D /* Frameworks */,
				D164CAAD2B9AEB6C00B54E2D /* Resources */,
			);
			buildRules = (
			);
			dependencies = (
			);
			name = Ewan;
			productName = Ewan;
			productReference = D164CAAF2B9AEB6C00B54E2D /* Ewan.app */;
			productType = "com.apple.product-type.application";
		};
		D164CABF2B9AEB6D00B54E2D /* EwanTests */ = {
			isa = PBXNativeTarget;
			buildConfigurationList = D164CAD72B9AEB6D00B54E2D /* Build configuration list for PBXNativeTarget "EwanTests" */;
			buildPhases = (
				D164CABC2B9AEB6D00B54E2D /* Sources */,
				D164CABD2B9AEB6D00B54E2D /* Frameworks */,
				D164CABE2B9AEB6D00B54E2D /* Resources */,
			);
			buildRules = (
			);
			dependencies = (
				D164CAC22B9AEB6D00B54E2D /* PBXTargetDependency */,
			);
			name = EwanTests;
			productName = EwanTests;
			productReference = D164CAC02B9AEB6D00B54E2D /* EwanTests.xctest */;
			productType = "com.apple.product-type.bundle.unit-test";
		};
		D164CAC92B9AEB6D00B54E2D /* EwanUITests */ = {
			isa = PBXNativeTarget;
			buildConfigurationList = D164CADA2B9AEB6D00B54E2D /* Build configuration list for PBXNativeTarget "EwanUITests" */;
			buildPhases = (
				D164CAC62B9AEB6D00B54E2D /* Sources */,
				D164CAC72B9AEB6D00B54E2D /* Frameworks */,
				D164CAC82B9AEB6D00B54E2D /* Resources */,
			);
			buildRules = (
			);
			dependencies = (
				D164CACC2B9AEB6D00B54E2D /* PBXTargetDependency */,
			);
			name = EwanUITests;
			productName = EwanUITests;
			productReference = D164CACA2B9AEB6D00B54E2D /* EwanUITests.xctest */;
			productType = "com.apple.product-type.bundle.ui-testing";
		};
/* End PBXNativeTarget section */

/* Begin PBXProject section */
		D164CAA72B9AEB6C00B54E2D /* Project object */ = {
			isa = PBXProject;
			attributes = {
				BuildIndependentTargetsInParallel = 1;
				LastSwiftUpdateCheck = 1530;
				LastUpgradeCheck = 1530;
				TargetAttributes = {
					D164CAAE2B9AEB6C00B54E2D = {
						CreatedOnToolsVersion = 15.3;
					};
					D164CABF2B9AEB6D00B54E2D = {
						CreatedOnToolsVersion = 15.3;
						TestTargetID = D164CAAE2B9AEB6C00B54E2D;
					};
					D164CAC92B9AEB6D00B54E2D = {
						CreatedOnToolsVersion = 15.3;
						TestTargetID = D164CAAE2B9AEB6C00B54E2D;
					};
				};
			};
			buildConfigurationList = D164CAAA2B9AEB6C00B54E2D /* Build configuration list for PBXProject "Ewan" */;
			compatibilityVersion = "Xcode 14.0";
			developmentRegion = en;
			hasScannedForEncodings = 0;
			knownRegions = (
				en,
				Base,
			);
			mainGroup = D164CAA62B9AEB6C00B54E2D;
			productRefGroup = D164CAB02B9AEB6C00B54E2D /* Products */;
			projectDirPath = "";
			projectRoot = "";
			targets = (
				D164CAAE2B9AEB6C00B54E2D /* Ewan */,
				D164CABF2B9AEB6D00B54E2D /* EwanTests */,
				D164CAC92B9AEB6D00B54E2D /* EwanUITests */,
			);
		};
/* End PBXProject section */

/* Begin PBXResourcesBuildPhase section */
		D164CAAD2B9AEB6C00B54E2D /* Resources */ = {
			isa = PBXResourcesBuildPhase;
			buildActionMask = 2147483647;
			files = (
				D164CABB2B9AEB6D00B54E2D /* Preview Assets.xcassets in Resources */,
				D164CAB72B9AEB6D00B54E2D /* Assets.xcassets in Resources */,
			);
			runOnlyForDeploymentPostprocessing = 0;
		};
		D164CABE2B9AEB6D00B54E2D /* Resources */ = {
			isa = PBXResourcesBuildPhase;
			buildActionMask = 2147483647;
			files = (
			);
			runOnlyForDeploymentPostprocessing = 0;
		};
		D164CAC82B9AEB6D00B54E2D /* Resources */ = {
			isa = PBXResourcesBuildPhase;
			buildActionMask = 2147483647;
			files = (
			);
			runOnlyForDeploymentPostprocessing = 0;
		};
/* End PBXResourcesBuildPhase section */

/* Begin PBXSourcesBuildPhase section */
		D164CAAB2B9AEB6C00B54E2D /* Sources */ = {
			isa = PBXSourcesBuildPhase;
			buildActionMask = 2147483647;
			files = (
				D1F5224B2BAC60BE00FFB2F7 /* StopLoss Calculator for Cryptocurrency.cpp in Sources */,
			);
			runOnlyForDeploymentPostprocessing = 0;
		};
		D164CABC2B9AEB6D00B54E2D /* Sources */ = {
			isa = PBXSourcesBuildPhase;
			buildActionMask = 2147483647;
			files = (
				D164CAC52B9AEB6D00B54E2D /* EwanTests.swift in Sources */,
			);
			runOnlyForDeploymentPostprocessing = 0;
		};
		D164CAC62B9AEB6D00B54E2D /* Sources */ = {
			isa = PBXSourcesBuildPhase;
			buildActionMask = 2147483647;
			files = (
				D164CACF2B9AEB6D00B54E2D /* EwanUITests.swift in Sources */,
				D164CAD12B9AEB6D00B54E2D /* EwanUITestsLaunchTests.swift in Sources */,
			);
			runOnlyForDeploymentPostprocessing = 0;
		};
/* End PBXSourcesBuildPhase section */

/* Begin PBXTargetDependency section */
		D164CAC22B9AEB6D00B54E2D /* PBXTargetDependency */ = {
			isa = PBXTargetDependency;
			target = D164CAAE2B9AEB6C00B54E2D /* Ewan */;
			targetProxy = D164CAC12B9AEB6D00B54E2D /* PBXContainerItemProxy */;
		};
		D164CACC2B9AEB6D00B54E2D /* PBXTargetDependency */ = {
			isa = PBXTargetDependency;
			target = D164CAAE2B9AEB6C00B54E2D /* Ewan */;
			targetProxy = D164CACB2B9AEB6D00B54E2D /* PBXContainerItemProxy */;
		};
/* End PBXTargetDependency section */

/* Begin XCBuildConfiguration section */
		D164CAD22B9AEB6D00B54E2D /* Debug */ = {
			isa = XCBuildConfiguration;
			buildSettings = {
				ALWAYS_SEARCH_USER_PATHS = NO;
				ASSETCATALOG_COMPILER_GENERATE_SWIFT_ASSET_SYMBOL_EXTENSIONS = YES;
				CLANG_ANALYZER_NONNULL = YES;
				CLANG_ANALYZER_NUMBER_OBJECT_CONVERSION = YES_AGGRESSIVE;
				CLANG_CXX_LANGUAGE_STANDARD = "gnu++20";
				CLANG_ENABLE_MODULES = YES;
				CLANG_ENABLE_OBJC_ARC = YES;
				CLANG_ENABLE_OBJC_WEAK = YES;
				CLANG_WARN_BLOCK_CAPTURE_AUTORELEASING = YES;
				CLANG_WARN_BOOL_CONVERSION = YES;
				CLANG_WARN_COMMA = YES;
				CLANG_WARN_CONSTANT_CONVERSION = YES;
				CLANG_WARN_DEPRECATED_OBJC_IMPLEMENTATIONS = YES;
				CLANG_WARN_DIRECT_OBJC_ISA_USAGE = YES_ERROR;
				CLANG_WARN_DOCUMENTATION_COMMENTS = YES;
				CLANG_WARN_EMPTY_BODY = YES;
				CLANG_WARN_ENUM_CONVERSION = YES;
				CLANG_WARN_INFINITE_RECURSION = YES;
				CLANG_WARN_INT_CONVERSION = YES;
				CLANG_WARN_NON_LITERAL_NULL_CONVERSION = YES;
				CLANG_WARN_OBJC_IMPLICIT_RETAIN_SELF = YES;
				CLANG_WARN_OBJC_LITERAL_CONVERSION = YES;
				CLANG_WARN_OBJC_ROOT_CLASS = YES_ERROR;
				CLANG_WARN_QUOTED_INCLUDE_IN_FRAMEWORK_HEADER = YES;
				CLANG_WARN_RANGE_LOOP_ANALYSIS = YES;
				CLANG_WARN_STRICT_PROTOTYPES = YES;
				CLANG_WARN_SUSPICIOUS_MOVE = YES;
				CLANG_WARN_UNGUARDED_AVAILABILITY = YES_AGGRESSIVE;
				CLANG_WARN_UNREACHABLE_CODE = YES;
				CLANG_WARN__DUPLICATE_METHOD_MATCH = YES;
				COPY_PHASE_STRIP = NO;
				DEBUG_INFORMATION_FORMAT = dwarf;
				ENABLE_STRICT_OBJC_MSGSEND = YES;
				ENABLE_TESTABILITY = YES;
				ENABLE_USER_SCRIPT_SANDBOXING = YES;
				GCC_C_LANGUAGE_STANDARD = gnu17;
				GCC_DYNAMIC_NO_PIC = NO;
				GCC_NO_COMMON_BLOCKS = YES;
				GCC_OPTIMIZATION_LEVEL = 0;
				GCC_PREPROCESSOR_DEFINITIONS = (
					"DEBUG=1",
					"$(inherited)",
				);
				GCC_WARN_64_TO_32_BIT_CONVERSION = YES;
				GCC_WARN_ABOUT_RETURN_TYPE = YES_ERROR;
				GCC_WARN_UNDECLARED_SELECTOR = YES;
				GCC_WARN_UNINITIALIZED_AUTOS = YES_AGGRESSIVE;
				GCC_WARN_UNUSED_FUNCTION = YES;
				GCC_WARN_UNUSED_VARIABLE = YES;
				LOCALIZATION_PREFERS_STRING_CATALOGS = YES;
				MTL_ENABLE_DEBUG_INFO = INCLUDE_SOURCE;
				MTL_FAST_MATH = YES;
				ONLY_ACTIVE_ARCH = YES;
				SWIFT_ACTIVE_COMPILATION_CONDITIONS = "DEBUG $(inherited)";
				SWIFT_OPTIMIZATION_LEVEL = "-Onone";
			};
			name = Debug;
		};
		D164CAD32B9AEB6D00B54E2D /* Release */ = {
			isa = XCBuildConfiguration;
			buildSettings = {
				ALWAYS_SEARCH_USER_PATHS = NO;
				ASSETCATALOG_COMPILER_GENERATE_SWIFT_ASSET_SYMBOL_EXTENSIONS = YES;
				CLANG_ANALYZER_NONNULL = YES;
				CLANG_ANALYZER_NUMBER_OBJECT_CONVERSION = YES_AGGRESSIVE;
				CLANG_CXX_LANGUAGE_STANDARD = "gnu++20";
				CLANG_ENABLE_MODULES = YES;
				CLANG_ENABLE_OBJC_ARC = YES;
				CLANG_ENABLE_OBJC_WEAK = YES;
				CLANG_WARN_BLOCK_CAPTURE_AUTORELEASING = YES;
				CLANG_WARN_BOOL_CONVERSION = YES;
				CLANG_WARN_COMMA = YES;
				CLANG_WARN_CONSTANT_CONVERSION = YES;
				CLANG_WARN_DEPRECATED_OBJC_IMPLEMENTATIONS = YES;
				CLANG_WARN_DIRECT_OBJC_ISA_USAGE = YES_ERROR;
				CLANG_WARN_DOCUMENTATION_COMMENTS = YES;
				CLANG_WARN_EMPTY_BODY = YES;
				CLANG_WARN_ENUM_CONVERSION = YES;
				CLANG_WARN_INFINITE_RECURSION = YES;
				CLANG_WARN_INT_CONVERSION = YES;
				CLANG_WARN_NON_LITERAL_NULL_CONVERSION = YES;
				CLANG_WARN_OBJC_IMPLICIT_RETAIN_SELF = YES;
				CLANG_WARN_OBJC_LITERAL_CONVERSION = YES;
				CLANG_WARN_OBJC_ROOT_CLASS = YES_ERROR;
				CLANG_WARN_QUOTED_INCLUDE_IN_FRAMEWORK_HEADER = YES;
				CLANG_WARN_RANGE_LOOP_ANALYSIS = YES;
				CLANG_WARN_STRICT_PROTOTYPES = YES;
				CLANG_WARN_SUSPICIOUS_MOVE = YES;
				CLANG_WARN_UNGUARDED_AVAILABILITY = YES_AGGRESSIVE;
				CLANG_WARN_UNREACHABLE_CODE = YES;
				CLANG_WARN__DUPLICATE_METHOD_MATCH = YES;
				COPY_PHASE_STRIP = NO;
				DEBUG_INFORMATION_FORMAT = "dwarf-with-dsym";
				ENABLE_NS_ASSERTIONS = NO;
				ENABLE_STRICT_OBJC_MSGSEND = YES;
				ENABLE_USER_SCRIPT_SANDBOXING = YES;
				GCC_C_LANGUAGE_STANDARD = gnu17;
				GCC_NO_COMMON_BLOCKS = YES;
				GCC_WARN_64_TO_32_BIT_CONVERSION = YES;
				GCC_WARN_ABOUT_RETURN_TYPE = YES_ERROR;
				GCC_WARN_UNDECLARED_SELECTOR = YES;
				GCC_WARN_UNINITIALIZED_AUTOS = YES_AGGRESSIVE;
				GCC_WARN_UNUSED_FUNCTION = YES;
				GCC_WARN_UNUSED_VARIABLE = YES;
				LOCALIZATION_PREFERS_STRING_CATALOGS = YES;
				MTL_ENABLE_DEBUG_INFO = NO;
				MTL_FAST_MATH = YES;
				SWIFT_COMPILATION_MODE = wholemodule;
			};
			name = Release;
		};
		D164CAD52B9AEB6D00B54E2D /* Debug */ = {
			isa = XCBuildConfiguration;
			buildSettings = {
				ASSETCATALOG_COMPILER_APPICON_NAME = AppIcon;
				ASSETCATALOG_COMPILER_GLOBAL_ACCENT_COLOR_NAME = AccentColor;
				CODE_SIGN_ENTITLEMENTS = Ewan/Ewan.entitlements;
				CODE_SIGN_STYLE = Automatic;
				CURRENT_PROJECT_VERSION = 1;
				DEVELOPMENT_ASSET_PATHS = "\"Ewan/Preview Content\"";
				ENABLE_PREVIEWS = YES;
				GENERATE_INFOPLIST_FILE = YES;
				"INFOPLIST_KEY_UIApplicationSceneManifest_Generation[sdk=iphoneos*]" = YES;
				"INFOPLIST_KEY_UIApplicationSceneManifest_Generation[sdk=iphonesimulator*]" = YES;
				"INFOPLIST_KEY_UIApplicationSupportsIndirectInputEvents[sdk=iphoneos*]" = YES;
				"INFOPLIST_KEY_UIApplicationSupportsIndirectInputEvents[sdk=iphonesimulator*]" = YES;
				"INFOPLIST_KEY_UILaunchScreen_Generation[sdk=iphoneos*]" = YES;
				"INFOPLIST_KEY_UILaunchScreen_Generation[sdk=iphonesimulator*]" = YES;
				"INFOPLIST_KEY_UIStatusBarStyle[sdk=iphoneos*]" = UIStatusBarStyleDefault;
				"INFOPLIST_KEY_UIStatusBarStyle[sdk=iphonesimulator*]" = UIStatusBarStyleDefault;
				INFOPLIST_KEY_UISupportedInterfaceOrientations_iPad = "UIInterfaceOrientationPortrait UIInterfaceOrientationPortraitUpsideDown UIInterfaceOrientationLandscapeLeft UIInterfaceOrientationLandscapeRight";
				INFOPLIST_KEY_UISupportedInterfaceOrientations_iPhone = "UIInterfaceOrientationPortrait UIInterfaceOrientationLandscapeLeft UIInterfaceOrientationLandscapeRight";
				IPHONEOS_DEPLOYMENT_TARGET = 17.4;
				LD_RUNPATH_SEARCH_PATHS = "@executable_path/Frameworks";
				"LD_RUNPATH_SEARCH_PATHS[sdk=macosx*]" = "@executable_path/../Frameworks";
				MACOSX_DEPLOYMENT_TARGET = 14.4;
				MARKETING_VERSION = 1.0;
				PRODUCT_BUNDLE_IDENTIFIER = ko.Ewan;
				PRODUCT_NAME = "$(TARGET_NAME)";
				SDKROOT = auto;
				SUPPORTED_PLATFORMS = "iphoneos iphonesimulator macosx";
				SWIFT_EMIT_LOC_STRINGS = YES;
				SWIFT_VERSION = 5.0;
				TARGETED_DEVICE_FAMILY = "1,2";
			};
			name = Debug;
		};
		D164CAD62B9AEB6D00B54E2D /* Release */ = {
			isa = XCBuildConfiguration;
			buildSettings = {
				ASSETCATALOG_COMPILER_APPICON_NAME = AppIcon;
				ASSETCATALOG_COMPILER_GLOBAL_ACCENT_COLOR_NAME = AccentColor;
				CODE_SIGN_ENTITLEMENTS = Ewan/Ewan.entitlements;
				CODE_SIGN_STYLE = Automatic;
				CURRENT_PROJECT_VERSION = 1;
				DEVELOPMENT_ASSET_PATHS = "\"Ewan/Preview Content\"";
				ENABLE_PREVIEWS = YES;
				GENERATE_INFOPLIST_FILE = YES;
				"INFOPLIST_KEY_UIApplicationSceneManifest_Generation[sdk=iphoneos*]" = YES;
				"INFOPLIST_KEY_UIApplicationSceneManifest_Generation[sdk=iphonesimulator*]" = YES;
				"INFOPLIST_KEY_UIApplicationSupportsIndirectInputEvents[sdk=iphoneos*]" = YES;
				"INFOPLIST_KEY_UIApplicationSupportsIndirectInputEvents[sdk=iphonesimulator*]" = YES;
				"INFOPLIST_KEY_UILaunchScreen_Generation[sdk=iphoneos*]" = YES;
				"INFOPLIST_KEY_UILaunchScreen_Generation[sdk=iphonesimulator*]" = YES;
				"INFOPLIST_KEY_UIStatusBarStyle[sdk=iphoneos*]" = UIStatusBarStyleDefault;
				"INFOPLIST_KEY_UIStatusBarStyle[sdk=iphonesimulator*]" = UIStatusBarStyleDefault;
				INFOPLIST_KEY_UISupportedInterfaceOrientations_iPad = "UIInterfaceOrientationPortrait UIInterfaceOrientationPortraitUpsideDown UIInterfaceOrientationLandscapeLeft UIInterfaceOrientationLandscapeRight";
				INFOPLIST_KEY_UISupportedInterfaceOrientations_iPhone = "UIInterfaceOrientationPortrait UIInterfaceOrientationLandscapeLeft UIInterfaceOrientationLandscapeRight";
				IPHONEOS_DEPLOYMENT_TARGET = 17.4;
				LD_RUNPATH_SEARCH_PATHS = "@executable_path/Frameworks";
				"LD_RUNPATH_SEARCH_PATHS[sdk=macosx*]" = "@executable_path/../Frameworks";
				MACOSX_DEPLOYMENT_TARGET = 14.4;
				MARKETING_VERSION = 1.0;
				PRODUCT_BUNDLE_IDENTIFIER = ko.Ewan;
				PRODUCT_NAME = "$(TARGET_NAME)";
				SDKROOT = auto;
				SUPPORTED_PLATFORMS = "iphoneos iphonesimulator macosx";
				SWIFT_EMIT_LOC_STRINGS = YES;
				SWIFT_VERSION = 5.0;
				TARGETED_DEVICE_FAMILY = "1,2";
			};
			name = Release;
		};
		D164CAD82B9AEB6D00B54E2D /* Debug */ = {
			isa = XCBuildConfiguration;
			buildSettings = {
				BUNDLE_LOADER = "$(TEST_HOST)";
				CODE_SIGN_STYLE = Automatic;
				CURRENT_PROJECT_VERSION = 1;
				GENERATE_INFOPLIST_FILE = YES;
				IPHONEOS_DEPLOYMENT_TARGET = 17.4;
				MACOSX_DEPLOYMENT_TARGET = 14.4;
				MARKETING_VERSION = 1.0;
				PRODUCT_BUNDLE_IDENTIFIER = ko.EwanTests;
				PRODUCT_NAME = "$(TARGET_NAME)";
				SDKROOT = auto;
				SUPPORTED_PLATFORMS = "iphoneos iphonesimulator macosx";
				SWIFT_EMIT_LOC_STRINGS = NO;
				SWIFT_VERSION = 5.0;
				TARGETED_DEVICE_FAMILY = "1,2";
				TEST_HOST = "$(BUILT_PRODUCTS_DIR)/Ewan.app/$(BUNDLE_EXECUTABLE_FOLDER_PATH)/Ewan";
			};
			name = Debug;
		};
		D164CAD92B9AEB6D00B54E2D /* Release */ = {
			isa = XCBuildConfiguration;
			buildSettings = {
				BUNDLE_LOADER = "$(TEST_HOST)";
				CODE_SIGN_STYLE = Automatic;
				CURRENT_PROJECT_VERSION = 1;
				GENERATE_INFOPLIST_FILE = YES;
				IPHONEOS_DEPLOYMENT_TARGET = 17.4;
				MACOSX_DEPLOYMENT_TARGET = 14.4;
				MARKETING_VERSION = 1.0;
				PRODUCT_BUNDLE_IDENTIFIER = ko.EwanTests;
				PRODUCT_NAME = "$(TARGET_NAME)";
				SDKROOT = auto;
				SUPPORTED_PLATFORMS = "iphoneos iphonesimulator macosx";
				SWIFT_EMIT_LOC_STRINGS = NO;
				SWIFT_VERSION = 5.0;
				TARGETED_DEVICE_FAMILY = "1,2";
				TEST_HOST = "$(BUILT_PRODUCTS_DIR)/Ewan.app/$(BUNDLE_EXECUTABLE_FOLDER_PATH)/Ewan";
			};
			name = Release;
		};
		D164CADB2B9AEB6D00B54E2D /* Debug */ = {
			isa = XCBuildConfiguration;
			buildSettings = {
				CODE_SIGN_STYLE = Automatic;
				CURRENT_PROJECT_VERSION = 1;
				GENERATE_INFOPLIST_FILE = YES;
				IPHONEOS_DEPLOYMENT_TARGET = 17.4;
				MACOSX_DEPLOYMENT_TARGET = 14.4;
				MARKETING_VERSION = 1.0;
				PRODUCT_BUNDLE_IDENTIFIER = ko.EwanUITests;
				PRODUCT_NAME = "$(TARGET_NAME)";
				SDKROOT = auto;
				SUPPORTED_PLATFORMS = "iphoneos iphonesimulator macosx";
				SWIFT_EMIT_LOC_STRINGS = NO;
				SWIFT_VERSION = 5.0;
				TARGETED_DEVICE_FAMILY = "1,2";
				TEST_TARGET_NAME = Ewan;
			};
			name = Debug;
		};
		D164CADC2B9AEB6D00B54E2D /* Release */ = {
			isa = XCBuildConfiguration;
			buildSettings = {
				CODE_SIGN_STYLE = Automatic;
				CURRENT_PROJECT_VERSION = 1;
				GENERATE_INFOPLIST_FILE = YES;
				IPHONEOS_DEPLOYMENT_TARGET = 17.4;
				MACOSX_DEPLOYMENT_TARGET = 14.4;
				MARKETING_VERSION = 1.0;
				PRODUCT_BUNDLE_IDENTIFIER = ko.EwanUITests;
				PRODUCT_NAME = "$(TARGET_NAME)";
				SDKROOT = auto;
				SUPPORTED_PLATFORMS = "iphoneos iphonesimulator macosx";
				SWIFT_EMIT_LOC_STRINGS = NO;
				SWIFT_VERSION = 5.0;
				TARGETED_DEVICE_FAMILY = "1,2";
				TEST_TARGET_NAME = Ewan;
			};
			name = Release;
		};
/* End XCBuildConfiguration section */

/* Begin XCConfigurationList section */
		D164CAAA2B9AEB6C00B54E2D /* Build configuration list for PBXProject "Ewan" */ = {
			isa = XCConfigurationList;
			buildConfigurations = (
				D164CAD22B9AEB6D00B54E2D /* Debug */,
				D164CAD32B9AEB6D00B54E2D /* Release */,
			);
			defaultConfigurationIsVisible = 0;
			defaultConfigurationName = Release;
		};
		D164CAD42B9AEB6D00B54E2D /* Build configuration list for PBXNativeTarget "Ewan" */ = {
			isa = XCConfigurationList;
			buildConfigurations = (
				D164CAD52B9AEB6D00B54E2D /* Debug */,
				D164CAD62B9AEB6D00B54E2D /* Release */,
			);
			defaultConfigurationIsVisible = 0;
			defaultConfigurationName = Release;
		};
		D164CAD72B9AEB6D00B54E2D /* Build configuration list for PBXNativeTarget "EwanTests" */ = {
			isa = XCConfigurationList;
			buildConfigurations = (
				D164CAD82B9AEB6D00B54E2D /* Debug */,
				D164CAD92B9AEB6D00B54E2D /* Release */,
			);
			defaultConfigurationIsVisible = 0;
			defaultConfigurationName = Release;
		};
		D164CADA2B9AEB6D00B54E2D /* Build configuration list for PBXNativeTarget "EwanUITests" */ = {
			isa = XCConfigurationList;
			buildConfigurations = (
				D164CADB2B9AEB6D00B54E2D /* Debug */,
				D164CADC2B9AEB6D00B54E2D /* Release */,
			);
			defaultConfigurationIsVisible = 0;
			defaultConfigurationName = Release;
		};
/* End XCConfigurationList section */
	};
	rootObject = D164CAA72B9AEB6C00B54E2D /* Project object */;
}
